
Microsoft Visual Studio Solution File, Format Version 12.00
# Visual Studio Version 17
VisualStudioVersion = 17.6.33723.286
MinimumVisualStudioVersion = 10.0.40219.1
Project("{FAE04EC0-301F-11D3-BF4B-00C04F79EFBC}") = "LocalFarmerCompany(2022)", "LocalFarmerCompany(2022)\LocalFarmerCompany(2022).csproj", "{03DF220E-DF47-4600-BF82-BE0C7622F01C}"
EndProject
Global
	GlobalSection(SolutionConfigurationPlatforms) = preSolution
		Debug|Any CPU = Debug|Any CPU
		Release|Any CPU = Release|Any CPU
	EndGlobalSection
	GlobalSection(ProjectConfigurationPlatforms) = postSolution
		{03DF220E-DF47-4600-BF82-BE0C7622F01C}.Debug|Any CPU.ActiveCfg = Debug|Any CPU
		{03DF220E-DF47-4600-BF82-BE0C7622F01C}.Debug|Any CPU.Build.0 = Debug|Any CPU
		{03DF220E-DF47-4600-BF82-BE0C7622F01C}.Release|Any CPU.ActiveCfg = Release|Any CPU
		{03DF220E-DF47-4600-BF82-BE0C7622F01C}.Release|Any CPU.Build.0 = Release|Any CPU
	EndGlobalSection
	GlobalSection(SolutionProperties) = preSolution
		HideSolutionNode = FALSE
	EndGlobalSection
	GlobalSection(ExtensibilityGlobals) = postSolution
		SolutionGuid = {17D8832C-D8C2-43E7-83F1-65849EF2DD2B}
	EndGlobalSection
EndGlobal
